
Microsoft Visual Studio Solution File, Format Version 12.00
# Visual Studio Version 17
VisualStudioVersion = 17.0.31912.275
MinimumVisualStudioVersion = 10.0.40219.1
Project("{FAE04EC0-301F-11D3-BF4B-00C04F79EFBC}") = "MyGUI", "MyGUI.csproj", "{ED91CBA2-4D82-421E-B415-FD2E2B7170DB}"
EndProject
Project("{2150E333-8FDC-42A3-9474-1A3956D46DE8}") = "Solution Items", "Solution Items", "{3EAF9148-F55D-46B0-92A9-31E37B5B5C0D}"
EndProject
Project("{54435603-DBB4-11D2-8724-00A0C9A8B90C}") = "Setup-MyGUI", "Setup files\Setup-MyGUI\Setup-MyGUI.vdproj", "{65E7A942-C27D-4641-9071-97F0A7B13690}"
EndProject
Global
	GlobalSection(SolutionConfigurationPlatforms) = preSolution
		Debug|Any CPU = Debug|Any CPU
		Release|Any CPU = Release|Any CPU
		Description = Mystic BBS GUI
	EndGlobalSection
	GlobalSection(ProjectConfigurationPlatforms) = postSolution
		{ED91CBA2-4D82-421E-B415-FD2E2B7170DB}.Debug|Any CPU.ActiveCfg = Debug|Any CPU
		{ED91CBA2-4D82-421E-B415-FD2E2B7170DB}.Debug|Any CPU.Build.0 = Debug|Any CPU
		{ED91CBA2-4D82-421E-B415-FD2E2B7170DB}.Release|Any CPU.ActiveCfg = Release|Any CPU
		{ED91CBA2-4D82-421E-B415-FD2E2B7170DB}.Release|Any CPU.Build.0 = Release|Any CPU
		{65E7A942-C27D-4641-9071-97F0A7B13690}.Debug|Any CPU.ActiveCfg = Debug
		{65E7A942-C27D-4641-9071-97F0A7B13690}.Release|Any CPU.ActiveCfg = Release
	EndGlobalSection
	GlobalSection(SolutionProperties) = preSolution
		HideSolutionNode = FALSE
	EndGlobalSection
	GlobalSection(ExtensibilityGlobals) = postSolution
		SolutionGuid = {9B484608-8F36-4FBC-85C8-648C33E5A3AB}
	EndGlobalSection
EndGlobal
